
Microsoft Visual Studio Solution File, Format Version 12.00
# Visual Studio 14
VisualStudioVersion = 14.0.25123.0
MinimumVisualStudioVersion = 10.0.40219.1
Project("{FAE04EC0-301F-11D3-BF4B-00C04F79EFBC}") = "Wivuu.ManualMapper", "Wivuu.ManualMapper\Wivuu.ManualMapper.csproj", "{D5106332-5168-4F6A-8445-99C191095B14}"
EndProject
Project("{FAE04EC0-301F-11D3-BF4B-00C04F79EFBC}") = "Wivuu.ManualMapper.Tests", "Wivuu.ManualMapper.Tests\Wivuu.ManualMapper.Tests.csproj", "{F37A1382-25BB-464C-9FEA-9886D1ED0EDF}"
EndProject
Global
	GlobalSection(SolutionConfigurationPlatforms) = preSolution
		Debug|Any CPU = Debug|Any CPU
		Release|Any CPU = Release|Any CPU
	EndGlobalSection
	GlobalSection(ProjectConfigurationPlatforms) = postSolution
		{D5106332-5168-4F6A-8445-99C191095B14}.Debug|Any CPU.ActiveCfg = Debug|Any CPU
		{D5106332-5168-4F6A-8445-99C191095B14}.Debug|Any CPU.Build.0 = Debug|Any CPU
		{D5106332-5168-4F6A-8445-99C191095B14}.Release|Any CPU.ActiveCfg = Release|Any CPU
		{D5106332-5168-4F6A-8445-99C191095B14}.Release|Any CPU.Build.0 = Release|Any CPU
		{F37A1382-25BB-464C-9FEA-9886D1ED0EDF}.Debug|Any CPU.ActiveCfg = Debug|Any CPU
		{F37A1382-25BB-464C-9FEA-9886D1ED0EDF}.Debug|Any CPU.Build.0 = Debug|Any CPU
		{F37A1382-25BB-464C-9FEA-9886D1ED0EDF}.Release|Any CPU.ActiveCfg = Release|Any CPU
		{F37A1382-25BB-464C-9FEA-9886D1ED0EDF}.Release|Any CPU.Build.0 = Release|Any CPU
	EndGlobalSection
	GlobalSection(SolutionProperties) = preSolution
		HideSolutionNode = FALSE
	EndGlobalSection
EndGlobal
